
Microsoft Visual Studio Solution File, Format Version 12.00
# Visual Studio 2015
Project("{FAE04EC0-301F-11D3-BF4B-00C04F79EFBC}") = "GAM111.2.CSharp", "GAM111.2.CSharp.csproj", "{AF85CB23-C977-3A4E-6F6E-B0B8E3E725E2}"
EndProject
Global
	GlobalSection(SolutionConfigurationPlatforms) = preSolution
		Debug|Any CPU = Debug|Any CPU
		Release|Any CPU = Release|Any CPU
	EndGlobalSection
	GlobalSection(ProjectConfigurationPlatforms) = postSolution
		{AF85CB23-C977-3A4E-6F6E-B0B8E3E725E2}.Debug|Any CPU.ActiveCfg = Debug|Any CPU
		{AF85CB23-C977-3A4E-6F6E-B0B8E3E725E2}.Debug|Any CPU.Build.0 = Debug|Any CPU
		{AF85CB23-C977-3A4E-6F6E-B0B8E3E725E2}.Release|Any CPU.ActiveCfg = Release|Any CPU
		{AF85CB23-C977-3A4E-6F6E-B0B8E3E725E2}.Release|Any CPU.Build.0 = Release|Any CPU
	EndGlobalSection
	GlobalSection(SolutionProperties) = preSolution
		HideSolutionNode = FALSE
	EndGlobalSection
EndGlobal
